
Microsoft Visual Studio Solution File, Format Version 12.00
# Visual Studio 15
VisualStudioVersion = 15.0.28307.902
MinimumVisualStudioVersion = 10.0.40219.1
Project("{2150E333-8FDC-42A3-9474-1A3956D46DE8}") = "src", "src", "{47C4E50B-0191-437D-95C7-2E57C4B15692}"
EndProject
Project("{9A19103F-16F7-4668-BE54-9A1E7A4F7556}") = "AsyncConsole", "src\AsyncConsole\AsyncConsole.csproj", "{F68E3A30-3EE0-443B-B3A8-3FC094B1922D}"
EndProject
Project("{9A19103F-16F7-4668-BE54-9A1E7A4F7556}") = "HelperLibs", "src\HelperLibs\HelperLibs.csproj", "{A8FD9B9E-58A6-460C-B6B3-C81028522A02}"
EndProject
Project("{9A19103F-16F7-4668-BE54-9A1E7A4F7556}") = "SyncConsole", "src\SyncConsole\SyncConsole.csproj", "{8826C0E2-A947-4FF7-8B03-9F3D038FD14F}"
EndProject
Global
	GlobalSection(SolutionConfigurationPlatforms) = preSolution
		Debug|Any CPU = Debug|Any CPU
		Release|Any CPU = Release|Any CPU
	EndGlobalSection
	GlobalSection(ProjectConfigurationPlatforms) = postSolution
		{F68E3A30-3EE0-443B-B3A8-3FC094B1922D}.Debug|Any CPU.ActiveCfg = Debug|Any CPU
		{F68E3A30-3EE0-443B-B3A8-3FC094B1922D}.Debug|Any CPU.Build.0 = Debug|Any CPU
		{F68E3A30-3EE0-443B-B3A8-3FC094B1922D}.Release|Any CPU.ActiveCfg = Release|Any CPU
		{F68E3A30-3EE0-443B-B3A8-3FC094B1922D}.Release|Any CPU.Build.0 = Release|Any CPU
		{A8FD9B9E-58A6-460C-B6B3-C81028522A02}.Debug|Any CPU.ActiveCfg = Debug|Any CPU
		{A8FD9B9E-58A6-460C-B6B3-C81028522A02}.Debug|Any CPU.Build.0 = Debug|Any CPU
		{A8FD9B9E-58A6-460C-B6B3-C81028522A02}.Release|Any CPU.ActiveCfg = Release|Any CPU
		{A8FD9B9E-58A6-460C-B6B3-C81028522A02}.Release|Any CPU.Build.0 = Release|Any CPU
		{8826C0E2-A947-4FF7-8B03-9F3D038FD14F}.Debug|Any CPU.ActiveCfg = Debug|Any CPU
		{8826C0E2-A947-4FF7-8B03-9F3D038FD14F}.Debug|Any CPU.Build.0 = Debug|Any CPU
		{8826C0E2-A947-4FF7-8B03-9F3D038FD14F}.Release|Any CPU.ActiveCfg = Release|Any CPU
		{8826C0E2-A947-4FF7-8B03-9F3D038FD14F}.Release|Any CPU.Build.0 = Release|Any CPU
	EndGlobalSection
	GlobalSection(SolutionProperties) = preSolution
		HideSolutionNode = FALSE
	EndGlobalSection
	GlobalSection(NestedProjects) = preSolution
		{F68E3A30-3EE0-443B-B3A8-3FC094B1922D} = {47C4E50B-0191-437D-95C7-2E57C4B15692}
		{A8FD9B9E-58A6-460C-B6B3-C81028522A02} = {47C4E50B-0191-437D-95C7-2E57C4B15692}
		{8826C0E2-A947-4FF7-8B03-9F3D038FD14F} = {47C4E50B-0191-437D-95C7-2E57C4B15692}
	EndGlobalSection
	GlobalSection(ExtensibilityGlobals) = postSolution
		SolutionGuid = {788E54EB-E5EB-4D51-81A4-B97AA372DE43}
	EndGlobalSection
EndGlobal
